
Microsoft Visual Studio Solution File, Format Version 12.00
# Visual Studio 14
VisualStudioVersion = 14.0.25420.1
MinimumVisualStudioVersion = 10.0.40219.1
Project("{888888A0-9F3D-457C-B088-3A5042F75D52}") = "DeepLearningFlappyBird", "DeepLearningFlappyBird.pyproj", "{D5629228-1FE5-4953-9736-C30D57AC3D1A}"
EndProject
Project("{FAE04EC0-301F-11D3-BF4B-00C04F79EFBC}") = "DataParser", "DataParser\DataParser.csproj", "{528B3E75-3796-4291-AC80-508ED826F8C8}"
EndProject
Global
	GlobalSection(SolutionConfigurationPlatforms) = preSolution
		Debug|Any CPU = Debug|Any CPU
		Release|Any CPU = Release|Any CPU
	EndGlobalSection
	GlobalSection(ProjectConfigurationPlatforms) = postSolution
		{D5629228-1FE5-4953-9736-C30D57AC3D1A}.Debug|Any CPU.ActiveCfg = Debug|Any CPU
		{D5629228-1FE5-4953-9736-C30D57AC3D1A}.Release|Any CPU.ActiveCfg = Release|Any CPU
		{528B3E75-3796-4291-AC80-508ED826F8C8}.Debug|Any CPU.ActiveCfg = Debug|Any CPU
		{528B3E75-3796-4291-AC80-508ED826F8C8}.Debug|Any CPU.Build.0 = Debug|Any CPU
		{528B3E75-3796-4291-AC80-508ED826F8C8}.Release|Any CPU.ActiveCfg = Release|Any CPU
		{528B3E75-3796-4291-AC80-508ED826F8C8}.Release|Any CPU.Build.0 = Release|Any CPU
	EndGlobalSection
	GlobalSection(SolutionProperties) = preSolution
		HideSolutionNode = FALSE
	EndGlobalSection
EndGlobal
